{
  "name": "InfraDon2",
  "lockfileVersion": 3,
  "requires": true,
  "packages": {
    "": {
      "dependencies": {
        "@types/pouchdb": "^6.4.2"
      }
    },
    "node_modules/@types/debug": {
      "version": "4.1.12",
      "resolved": "https://registry.npmjs.org/@types/debug/-/debug-4.1.12.tgz",
      "integrity": "sha512-vIChWdVG3LG1SMxEvI/AK+FWJthlrqlTu7fbrlywTkkaONwk/UAGaULXRlf8vkzFBLVm0zkMdCquhL5aOjhXPQ==",
      "license": "MIT",
      "dependencies": {
        "@types/ms": "*"
      }
    },
    "node_modules/@types/ms": {
      "version": "2.1.0",
      "resolved": "https://registry.npmjs.org/@types/ms/-/ms-2.1.0.tgz",
      "integrity": "sha512-GsCCIZDE/p3i96vtEqx+7dBUGXrc7zeSK3wwPHIaRThS+9OhWIXRqzs4d6k1SVU8g91DrNRWxWUGhp5KXQb2VA==",
      "license": "MIT"
    },
    "node_modules/@types/pouchdb": {
      "version": "6.4.2",
      "resolved": "https://registry.npmjs.org/@types/pouchdb/-/pouchdb-6.4.2.tgz",
      "integrity": "sha512-YsI47rASdtzR+3V3JE2UKY58snhm0AglHBpyckQBkRYoCbTvGagXHtV0x5n8nzN04jQmvTG+Sm85cIzKT3KXBA==",
      "license": "MIT",
      "dependencies": {
        "@types/pouchdb-adapter-cordova-sqlite": "*",
        "@types/pouchdb-adapter-fruitdown": "*",
        "@types/pouchdb-adapter-http": "*",
        "@types/pouchdb-adapter-idb": "*",
        "@types/pouchdb-adapter-leveldb": "*",
        "@types/pouchdb-adapter-localstorage": "*",
        "@types/pouchdb-adapter-memory": "*",
        "@types/pouchdb-adapter-node-websql": "*",
        "@types/pouchdb-adapter-websql": "*",
        "@types/pouchdb-browser": "*",
        "@types/pouchdb-core": "*",
        "@types/pouchdb-http": "*",
        "@types/pouchdb-mapreduce": "*",
        "@types/pouchdb-node": "*",
        "@types/pouchdb-replication": "*"
      }
    },
    "node_modules/@types/pouchdb-adapter-cordova-sqlite": {
      "version": "1.0.4",
      "resolved": "https://registry.npmjs.org/@types/pouchdb-adapter-cordova-sqlite/-/pouchdb-adapter-cordova-sqlite-1.0.4.tgz",
      "integrity": "sha512-1MGjmAMux3OIyJ+iXfhJ5hNIzS+KjGJ05O3bF5Gen5TiJUFNK1bOp3VVV9SxXgz+hGwnBruBAWdAqhbB6ZHhSA==",
      "license": "MIT",
      "dependencies": {
        "@types/pouchdb-core": "*"
      }
    },
    "node_modules/@types/pouchdb-adapter-fruitdown": {
      "version": "6.1.6",
      "resolved": "https://registry.npmjs.org/@types/pouchdb-adapter-fruitdown/-/pouchdb-adapter-fruitdown-6.1.6.tgz",
      "integrity": "sha512-KaFB29hUI97eTtJI6pjv7EQcqhZ63qHWovKgyiE+HZF5fVmdrBbTmnIrbR87AJXcXKy47+oQFJ7rzxY8TalpLQ==",
      "license": "MIT",
      "dependencies": {
        "@types/pouchdb-core": "*"
      }
    },
    "node_modules/@types/pouchdb-adapter-http": {
      "version": "6.1.6",
      "resolved": "https://registry.npmjs.org/@types/pouchdb-adapter-http/-/pouchdb-adapter-http-6.1.6.tgz",
      "integrity": "sha512-DJur1mt07GJXwGb5K+MOILoCOSgoQpsi7hybcTzRLeR3IO8Y8eq7TnhTkftAJdx9VHJGOiOXFjO+8BYM69j5yA==",
      "license": "MIT",
      "dependencies": {
        "@types/pouchdb-core": "*"
      }
    },
    "node_modules/@types/pouchdb-adapter-idb": {
      "version": "6.1.7",
      "resolved": "https://registry.npmjs.org/@types/pouchdb-adapter-idb/-/pouchdb-adapter-idb-6.1.7.tgz",
      "integrity": "sha512-KwjkJ4fTNz5wPXYu20bUoWud7ty0t7tgdo4oc0AJvG+fcURAH7mI7uFmpE4dZIT+hUq5G61xu96AVq9b2q4T3g==",
      "license": "MIT",
      "dependencies": {
        "@types/pouchdb-core": "*"
      }
    },
    "node_modules/@types/pouchdb-adapter-leveldb": {
      "version": "6.1.6",
      "resolved": "https://registry.npmjs.org/@types/pouchdb-adapter-leveldb/-/pouchdb-adapter-leveldb-6.1.6.tgz",
      "integrity": "sha512-mqeTpA2Ni2U4FA5ISRESy4WwhfUahXViUa3jQpXGdSpruaeHlhTLzZJPyz7/mGlvdAfAFv9Vd5d6ys3ASmMujw==",
      "license": "MIT",
      "dependencies": {
        "@types/pouchdb-core": "*"
      }
    },
    "node_modules/@types/pouchdb-adapter-localstorage": {
      "version": "6.1.6",
      "resolved": "https://registry.npmjs.org/@types/pouchdb-adapter-localstorage/-/pouchdb-adapter-localstorage-6.1.6.tgz",
      "integrity": "sha512-+HQBCpD80XkKJE64r7uLwzkNRgkvMnhDI5rIFLx3USxdrRph/R3awcEubRFndcgtxzcUaL9iYw9KetgFMUqPrg==",
      "license": "MIT",
      "dependencies": {
        "@types/pouchdb-core": "*"
      }
    },
    "node_modules/@types/pouchdb-adapter-memory": {
      "version": "6.1.6",
      "resolved": "https://registry.npmjs.org/@types/pouchdb-adapter-memory/-/pouchdb-adapter-memory-6.1.6.tgz",
      "integrity": "sha512-QCCtW561XuwFACzP/4zYySzs/a4em0EeuQdszen0YOaGV1/fRqJE0dOlmzh8do4sNJomLO6+MFtEzguGljnkgA==",
      "license": "MIT",
      "dependencies": {
        "@types/pouchdb-core": "*"
      }
    },
    "node_modules/@types/pouchdb-adapter-node-websql": {
      "version": "6.1.5",
      "resolved": "https://registry.npmjs.org/@types/pouchdb-adapter-node-websql/-/pouchdb-adapter-node-websql-6.1.5.tgz",
      "integrity": "sha512-yi68syUvHs4OM3mzKlh4zfpov64KITIAnxi387zgdby6SEfAJzWPC0dfH77iEVRDGCrKb3cKTNkl/UGHnphaow==",
      "license": "MIT",
      "dependencies": {
        "@types/pouchdb-adapter-websql": "*",
        "@types/pouchdb-core": "*"
      }
    },
    "node_modules/@types/pouchdb-adapter-websql": {
      "version": "6.1.7",
      "resolved": "https://registry.npmjs.org/@types/pouchdb-adapter-websql/-/pouchdb-adapter-websql-6.1.7.tgz",
      "integrity": "sha512-9oNkP5ZCGMkQALO9KmtbHXlkBq8i2hoCEE6/gWzRicAvL1y+WIKjEQiIIEamMhj5u5tARvW3n2/r+JXwLCyYgw==",
      "license": "MIT",
      "dependencies": {
        "@types/pouchdb-core": "*"
      }
    },
    "node_modules/@types/pouchdb-browser": {
      "version": "6.1.5",
      "resolved": "https://registry.npmjs.org/@types/pouchdb-browser/-/pouchdb-browser-6.1.5.tgz",
      "integrity": "sha512-f+HjxEjYFpgoYWXnMI9AQZZ+SIG8dBiBPrpfWWGsCl+48rumsP5BuBWHq/aXoB8SRKYO0XdP4TNvMBWM3UATCw==",
      "license": "MIT",
      "dependencies": {
        "@types/pouchdb-adapter-http": "*",
        "@types/pouchdb-adapter-idb": "*",
        "@types/pouchdb-adapter-websql": "*",
        "@types/pouchdb-core": "*",
        "@types/pouchdb-mapreduce": "*",
        "@types/pouchdb-replication": "*"
      }
    },
    "node_modules/@types/pouchdb-core": {
      "version": "7.0.15",
      "resolved": "https://registry.npmjs.org/@types/pouchdb-core/-/pouchdb-core-7.0.15.tgz",
      "integrity": "sha512-gq1Qbqn9nCaAKRRv6fRHZ4/ER+QYEwSXBZlDQcxwdbPrtZO8EhIn2Bct0AlguaSEdFcABfbaxxyQwFINkNQ9dQ==",
      "license": "MIT",
      "dependencies": {
        "@types/debug": "*",
        "@types/pouchdb-find": "*"
      }
    },
    "node_modules/@types/pouchdb-find": {
      "version": "7.3.3",
      "resolved": "https://registry.npmjs.org/@types/pouchdb-find/-/pouchdb-find-7.3.3.tgz",
      "integrity": "sha512-U7zXk67s9Ar+9Pwj5kSbuMnn8zif0AOOIPy4KRFeJ/S/Tk+mNS90soj+3OV21H8xyB7WTxjvS1JLablZC6C6ow==",
      "license": "MIT",
      "dependencies": {
        "@types/pouchdb-core": "*"
      }
    },
    "node_modules/@types/pouchdb-http": {
      "version": "6.1.5",
      "resolved": "https://registry.npmjs.org/@types/pouchdb-http/-/pouchdb-http-6.1.5.tgz",
      "integrity": "sha512-9jGCAl6DUsXIl1vjuPu8tzGykAr84549P4IS0zYdrOKq5eXzQRUb/tb2hEVTmmTcYKXu2P1N55ABsdDNZvzGGA==",
      "license": "MIT",
      "dependencies": {
        "@types/pouchdb-adapter-http": "*",
        "@types/pouchdb-core": "*"
      }
    },
    "node_modules/@types/pouchdb-mapreduce": {
      "version": "6.1.10",
      "resolved": "https://registry.npmjs.org/@types/pouchdb-mapreduce/-/pouchdb-mapreduce-6.1.10.tgz",
      "integrity": "sha512-AgYVqCnaA5D7cWkWyzZVuk0137N4yZsmIQTD/i3DmuMxYYoFrtWUoQu0tbA52SpTRGdL8ubQ7JFQXzA13fA6IQ==",
      "license": "MIT",
      "dependencies": {
        "@types/pouchdb-core": "*"
      }
    },
    "node_modules/@types/pouchdb-node": {
      "version": "6.1.7",
      "resolved": "https://registry.npmjs.org/@types/pouchdb-node/-/pouchdb-node-6.1.7.tgz",
      "integrity": "sha512-hryc2eCtNB3GbLcHSwU8glLaY66gDMus1AYkcIYAAxufdnK2BAy1oxaRLmnwRn1A1vG41P/t0htFD161LUnfQw==",
      "license": "MIT",
      "dependencies": {
        "@types/pouchdb-adapter-http": "*",
        "@types/pouchdb-adapter-leveldb": "*",
        "@types/pouchdb-core": "*",
        "@types/pouchdb-mapreduce": "*",
        "@types/pouchdb-replication": "*"
      }
    },
    "node_modules/@types/pouchdb-replication": {
      "version": "6.4.7",
      "resolved": "https://registry.npmjs.org/@types/pouchdb-replication/-/pouchdb-replication-6.4.7.tgz",
      "integrity": "sha512-slB4zOwri3SAVHioFx/FWC/KqOzzb7nDFtV+qzaKzxkf+U5zTwCbK3uRHaj0d/XQk0DwVeajf1ni3Wiyq3j2OA==",
      "license": "MIT",
      "dependencies": {
        "@types/pouchdb-core": "*",
        "@types/pouchdb-find": "*"
      }
    }
  }
}
